
Microsoft Visual Studio Solution File, Format Version 12.00
# Visual Studio 14
VisualStudioVersion = 14.0.25420.1
MinimumVisualStudioVersion = 10.0.40219.1
Project("{2150E333-8FDC-42A3-9474-1A3956D46DE8}") = "FourWCF", "FourWCF", "{FC0F1527-171A-4512-BA03-13BF9FEAC168}"
EndProject
Project("{FAE04EC0-301F-11D3-BF4B-00C04F79EFBC}") = "FourService", "FourService\FourService.csproj", "{33CA67B5-76E9-49AD-93EC-CB4E11697262}"
EndProject
Project("{FAE04EC0-301F-11D3-BF4B-00C04F79EFBC}") = "FourHost", "FourHost\FourHost.csproj", "{AD025E1D-6DFA-4282-BA44-BA360721F931}"
EndProject
Project("{FAE04EC0-301F-11D3-BF4B-00C04F79EFBC}") = "FourClient", "FourClient\FourClient.csproj", "{78D41679-CE82-4269-86CA-1044766B42AF}"
EndProject
Project("{2150E333-8FDC-42A3-9474-1A3956D46DE8}") = "SixWCF", "SixWCF", "{84B725B8-ADE3-4BB4-A60A-D56EB2838FA2}"
EndProject
Project("{FAE04EC0-301F-11D3-BF4B-00C04F79EFBC}") = "SixService", "SixService\SixService.csproj", "{B8A4F3B4-7A63-4F1B-ABA0-EFBAE9CEDA01}"
EndProject
Project("{FAE04EC0-301F-11D3-BF4B-00C04F79EFBC}") = "SixHost", "SixHost\SixHost.csproj", "{F41A1BF2-12C8-41F9-B020-9DB0DC26BA01}"
EndProject
Project("{FAE04EC0-301F-11D3-BF4B-00C04F79EFBC}") = "SixClient", "SixClient\SixClient.csproj", "{04F33CF3-9D56-43DB-BDDA-F5AAAF8E8472}"
EndProject
Project("{2150E333-8FDC-42A3-9474-1A3956D46DE8}") = "SevenWCF", "SevenWCF", "{0B096218-3A74-4B3C-836A-5A01353B89E1}"
EndProject
Project("{FAE04EC0-301F-11D3-BF4B-00C04F79EFBC}") = "SevenService", "SevenService\SevenService.csproj", "{7A2F7B8D-407B-436A-97FB-026876E8ABFD}"
EndProject
Project("{FAE04EC0-301F-11D3-BF4B-00C04F79EFBC}") = "SevenHost", "SevenHost\SevenHost.csproj", "{5FDA302C-B727-4A4C-8109-2ED106502418}"
EndProject
Project("{FAE04EC0-301F-11D3-BF4B-00C04F79EFBC}") = "SevenClient", "SevenClient\SevenClient.csproj", "{2E94045C-721D-4ACE-8C9F-E475ECEF22D5}"
EndProject
Project("{2150E333-8FDC-42A3-9474-1A3956D46DE8}") = "EightWCF", "EightWCF", "{3DA251B1-33FE-4AFD-A70C-0DD11A740EBA}"
EndProject
Project("{FAE04EC0-301F-11D3-BF4B-00C04F79EFBC}") = "EightService", "EightService\EightService.csproj", "{0EA1FF64-98AE-4475-9510-D26F25B3CF4D}"
EndProject
Project("{FAE04EC0-301F-11D3-BF4B-00C04F79EFBC}") = "EightIISHost", "EightIISHost1\EightIISHost.csproj", "{08CB956D-C340-4838-AC0D-971806B2D99E}"
EndProject
Project("{FAE04EC0-301F-11D3-BF4B-00C04F79EFBC}") = "WcfService1", "WcfService1\WcfService1.csproj", "{40CF614D-805D-4DB6-8F7D-9813E0B65DE1}"
EndProject
Project("{2150E333-8FDC-42A3-9474-1A3956D46DE8}") = "NineWCF", "NineWCF", "{F20A27F0-E3B2-4A48-9304-8D4CB02D8E86}"
EndProject
Project("{FAE04EC0-301F-11D3-BF4B-00C04F79EFBC}") = "NineService", "NineService\NineService.csproj", "{E5240C6A-95CF-4357-9D65-D523A1C27CD7}"
EndProject
Project("{FAE04EC0-301F-11D3-BF4B-00C04F79EFBC}") = "IISHost", "IISHost\IISHost.csproj", "{DAE723AB-2C49-4567-9A0A-EA80E8579AE1}"
EndProject
Project("{FAE04EC0-301F-11D3-BF4B-00C04F79EFBC}") = "AppHost", "AppHost\AppHost.csproj", "{C5199885-547A-4671-8EDB-BD1DFED78BB2}"
EndProject
Project("{FAE04EC0-301F-11D3-BF4B-00C04F79EFBC}") = "NTHost", "NTHost\NTHost.csproj", "{8C604306-F442-4C75-80D4-5EE048542904}"
EndProject
Project("{2150E333-8FDC-42A3-9474-1A3956D46DE8}") = "TenWcf", "TenWcf", "{F6197C62-8B80-4DD9-9893-738414DE8415}"
EndProject
Project("{FAE04EC0-301F-11D3-BF4B-00C04F79EFBC}") = "TenService", "TenService\TenService.csproj", "{023BDBFE-550F-4216-98CB-DA1312EA0A52}"
EndProject
Project("{FAE04EC0-301F-11D3-BF4B-00C04F79EFBC}") = "TenHost", "TenHost\TenHost.csproj", "{7207D4E3-C582-4F1C-96B2-DAE8D6C0ADC6}"
EndProject
Project("{FAE04EC0-301F-11D3-BF4B-00C04F79EFBC}") = "TenClient1", "TenClient1\TenClient1.csproj", "{3B12296C-FA92-4881-99BB-7917A18D83A6}"
EndProject
Project("{FAE04EC0-301F-11D3-BF4B-00C04F79EFBC}") = "TenClient2", "TenClient2\TenClient2.csproj", "{28547A08-259F-4270-990F-1A04998D6677}"
EndProject
Project("{FAE04EC0-301F-11D3-BF4B-00C04F79EFBC}") = "TenClient3", "TenClient3\TenClient3.csproj", "{C5DC47C7-F874-4078-A6C2-1151B4B6AC7E}"
EndProject
Project("{2150E333-8FDC-42A3-9474-1A3956D46DE8}") = "ElevenWCF", "ElevenWCF", "{D092E6DE-1322-45FB-8753-D7F84C908798}"
EndProject
Project("{FAE04EC0-301F-11D3-BF4B-00C04F79EFBC}") = "ElevenService", "ElevenService\ElevenService.csproj", "{FC1EAF90-DAC2-454A-A207-6B93A8E9A1DB}"
EndProject
Project("{FAE04EC0-301F-11D3-BF4B-00C04F79EFBC}") = "ElevenHost", "ElevenHost\ElevenHost.csproj", "{A5AFDC40-19C6-4EF9-8B6A-01EA26AE9F80}"
EndProject
Project("{FAE04EC0-301F-11D3-BF4B-00C04F79EFBC}") = "ElevenClient1", "ElevenClient1\ElevenClient1.csproj", "{01A88625-7428-4C93-831B-E2BF1D7109C6}"
EndProject
Project("{FAE04EC0-301F-11D3-BF4B-00C04F79EFBC}") = "ElevenClient2", "ElevenClient2\ElevenClient2.csproj", "{E4B736ED-258D-4E6B-90B6-CF89353ED282}"
EndProject
Project("{FAE04EC0-301F-11D3-BF4B-00C04F79EFBC}") = "ElevenClient3", "ElevenClient3\ElevenClient3.csproj", "{AC208703-9579-42D6-AB6A-A7288306987C}"
EndProject
Project("{2150E333-8FDC-42A3-9474-1A3956D46DE8}") = "TwelveWCF", "TwelveWCF", "{B260D64B-8C03-41DC-A93E-E95F97F5BEE2}"
EndProject
Project("{FAE04EC0-301F-11D3-BF4B-00C04F79EFBC}") = "TwelveService", "TwelveService\TwelveService.csproj", "{FE498926-5E65-4001-8E12-9D9956A475F3}"
EndProject
Project("{FAE04EC0-301F-11D3-BF4B-00C04F79EFBC}") = "TwelveHost", "TwelveHost\TwelveHost.csproj", "{329EB0A2-ED85-4998-B683-F666A125508C}"
EndProject
Project("{FAE04EC0-301F-11D3-BF4B-00C04F79EFBC}") = "TwelveClient", "TwelveClient\TwelveClient.csproj", "{DEA803BF-2300-49D7-950C-A42289F48A59}"
EndProject
Project("{2150E333-8FDC-42A3-9474-1A3956D46DE8}") = "ThirteenWCF", "ThirteenWCF", "{CAF5B73B-3E4E-42AE-9E0F-FF3084EE1BED}"
EndProject
Project("{FAE04EC0-301F-11D3-BF4B-00C04F79EFBC}") = "ThirteenIIS", "ThirteenIIS\ThirteenIIS.csproj", "{3B974E5D-AB81-4A1C-ABA1-020E80D8F227}"
EndProject
Project("{2150E333-8FDC-42A3-9474-1A3956D46DE8}") = "FourteenWCF", "FourteenWCF", "{6E781167-D9D3-4273-B953-17808F3E8EE4}"
EndProject
Project("{FAE04EC0-301F-11D3-BF4B-00C04F79EFBC}") = "FourteenService", "FourteenService\FourteenService.csproj", "{618463E5-9E74-4FE7-AE80-A63580B91BD1}"
EndProject
Project("{FAE04EC0-301F-11D3-BF4B-00C04F79EFBC}") = "FourteenContract", "FourteenContract\FourteenContract.csproj", "{78E5F99C-EC93-41D4-AE4A-A55247F55426}"
EndProject
Project("{FAE04EC0-301F-11D3-BF4B-00C04F79EFBC}") = "FourteenHost", "FourteenHost\FourteenHost.csproj", "{1E5A4A21-8825-49E9-B90A-6E59B40517F3}"
EndProject
Project("{FAE04EC0-301F-11D3-BF4B-00C04F79EFBC}") = "FourteenClient", "FourteenClient\FourteenClient.csproj", "{8452B61A-057D-4CCA-9448-4384431A3C9F}"
EndProject
Project("{2150E333-8FDC-42A3-9474-1A3956D46DE8}") = "WCFCommon", "WCFCommon", "{C8E39B48-C103-4794-9727-602F9044A8CE}"
EndProject
Project("{FAE04EC0-301F-11D3-BF4B-00C04F79EFBC}") = "TencentWCF", "TencentWCF\TencentWCF.csproj", "{EE146DCE-D019-4E19-8E1A-C094DF6250D5}"
EndProject
Project("{FAE04EC0-301F-11D3-BF4B-00C04F79EFBC}") = "TencentCommon", "TencentCommon\TencentCommon.csproj", "{602490B5-0F50-44E3-92E7-07290C065238}"
EndProject
Global
	GlobalSection(SolutionConfigurationPlatforms) = preSolution
		Debug|Any CPU = Debug|Any CPU
		Release|Any CPU = Release|Any CPU
	EndGlobalSection
	GlobalSection(ProjectConfigurationPlatforms) = postSolution
		{33CA67B5-76E9-49AD-93EC-CB4E11697262}.Debug|Any CPU.ActiveCfg = Debug|Any CPU
		{33CA67B5-76E9-49AD-93EC-CB4E11697262}.Debug|Any CPU.Build.0 = Debug|Any CPU
		{33CA67B5-76E9-49AD-93EC-CB4E11697262}.Release|Any CPU.ActiveCfg = Release|Any CPU
		{33CA67B5-76E9-49AD-93EC-CB4E11697262}.Release|Any CPU.Build.0 = Release|Any CPU
		{AD025E1D-6DFA-4282-BA44-BA360721F931}.Debug|Any CPU.ActiveCfg = Debug|Any CPU
		{AD025E1D-6DFA-4282-BA44-BA360721F931}.Debug|Any CPU.Build.0 = Debug|Any CPU
		{AD025E1D-6DFA-4282-BA44-BA360721F931}.Release|Any CPU.ActiveCfg = Release|Any CPU
		{AD025E1D-6DFA-4282-BA44-BA360721F931}.Release|Any CPU.Build.0 = Release|Any CPU
		{78D41679-CE82-4269-86CA-1044766B42AF}.Debug|Any CPU.ActiveCfg = Debug|Any CPU
		{78D41679-CE82-4269-86CA-1044766B42AF}.Debug|Any CPU.Build.0 = Debug|Any CPU
		{78D41679-CE82-4269-86CA-1044766B42AF}.Release|Any CPU.ActiveCfg = Release|Any CPU
		{78D41679-CE82-4269-86CA-1044766B42AF}.Release|Any CPU.Build.0 = Release|Any CPU
		{B8A4F3B4-7A63-4F1B-ABA0-EFBAE9CEDA01}.Debug|Any CPU.ActiveCfg = Debug|Any CPU
		{B8A4F3B4-7A63-4F1B-ABA0-EFBAE9CEDA01}.Debug|Any CPU.Build.0 = Debug|Any CPU
		{B8A4F3B4-7A63-4F1B-ABA0-EFBAE9CEDA01}.Release|Any CPU.ActiveCfg = Release|Any CPU
		{B8A4F3B4-7A63-4F1B-ABA0-EFBAE9CEDA01}.Release|Any CPU.Build.0 = Release|Any CPU
		{F41A1BF2-12C8-41F9-B020-9DB0DC26BA01}.Debug|Any CPU.ActiveCfg = Debug|Any CPU
		{F41A1BF2-12C8-41F9-B020-9DB0DC26BA01}.Debug|Any CPU.Build.0 = Debug|Any CPU
		{F41A1BF2-12C8-41F9-B020-9DB0DC26BA01}.Release|Any CPU.ActiveCfg = Release|Any CPU
		{F41A1BF2-12C8-41F9-B020-9DB0DC26BA01}.Release|Any CPU.Build.0 = Release|Any CPU
		{04F33CF3-9D56-43DB-BDDA-F5AAAF8E8472}.Debug|Any CPU.ActiveCfg = Debug|Any CPU
		{04F33CF3-9D56-43DB-BDDA-F5AAAF8E8472}.Debug|Any CPU.Build.0 = Debug|Any CPU
		{04F33CF3-9D56-43DB-BDDA-F5AAAF8E8472}.Release|Any CPU.ActiveCfg = Release|Any CPU
		{04F33CF3-9D56-43DB-BDDA-F5AAAF8E8472}.Release|Any CPU.Build.0 = Release|Any CPU
		{7A2F7B8D-407B-436A-97FB-026876E8ABFD}.Debug|Any CPU.ActiveCfg = Debug|Any CPU
		{7A2F7B8D-407B-436A-97FB-026876E8ABFD}.Debug|Any CPU.Build.0 = Debug|Any CPU
		{7A2F7B8D-407B-436A-97FB-026876E8ABFD}.Release|Any CPU.ActiveCfg = Release|Any CPU
		{7A2F7B8D-407B-436A-97FB-026876E8ABFD}.Release|Any CPU.Build.0 = Release|Any CPU
		{5FDA302C-B727-4A4C-8109-2ED106502418}.Debug|Any CPU.ActiveCfg = Debug|Any CPU
		{5FDA302C-B727-4A4C-8109-2ED106502418}.Debug|Any CPU.Build.0 = Debug|Any CPU
		{5FDA302C-B727-4A4C-8109-2ED106502418}.Release|Any CPU.ActiveCfg = Release|Any CPU
		{5FDA302C-B727-4A4C-8109-2ED106502418}.Release|Any CPU.Build.0 = Release|Any CPU
		{2E94045C-721D-4ACE-8C9F-E475ECEF22D5}.Debug|Any CPU.ActiveCfg = Debug|Any CPU
		{2E94045C-721D-4ACE-8C9F-E475ECEF22D5}.Debug|Any CPU.Build.0 = Debug|Any CPU
		{2E94045C-721D-4ACE-8C9F-E475ECEF22D5}.Release|Any CPU.ActiveCfg = Release|Any CPU
		{2E94045C-721D-4ACE-8C9F-E475ECEF22D5}.Release|Any CPU.Build.0 = Release|Any CPU
		{0EA1FF64-98AE-4475-9510-D26F25B3CF4D}.Debug|Any CPU.ActiveCfg = Debug|Any CPU
		{0EA1FF64-98AE-4475-9510-D26F25B3CF4D}.Debug|Any CPU.Build.0 = Debug|Any CPU
		{0EA1FF64-98AE-4475-9510-D26F25B3CF4D}.Release|Any CPU.ActiveCfg = Release|Any CPU
		{0EA1FF64-98AE-4475-9510-D26F25B3CF4D}.Release|Any CPU.Build.0 = Release|Any CPU
		{08CB956D-C340-4838-AC0D-971806B2D99E}.Debug|Any CPU.ActiveCfg = Debug|Any CPU
		{08CB956D-C340-4838-AC0D-971806B2D99E}.Debug|Any CPU.Build.0 = Debug|Any CPU
		{08CB956D-C340-4838-AC0D-971806B2D99E}.Release|Any CPU.ActiveCfg = Release|Any CPU
		{08CB956D-C340-4838-AC0D-971806B2D99E}.Release|Any CPU.Build.0 = Release|Any CPU
		{40CF614D-805D-4DB6-8F7D-9813E0B65DE1}.Debug|Any CPU.ActiveCfg = Debug|Any CPU
		{40CF614D-805D-4DB6-8F7D-9813E0B65DE1}.Debug|Any CPU.Build.0 = Debug|Any CPU
		{40CF614D-805D-4DB6-8F7D-9813E0B65DE1}.Release|Any CPU.ActiveCfg = Release|Any CPU
		{40CF614D-805D-4DB6-8F7D-9813E0B65DE1}.Release|Any CPU.Build.0 = Release|Any CPU
		{E5240C6A-95CF-4357-9D65-D523A1C27CD7}.Debug|Any CPU.ActiveCfg = Debug|Any CPU
		{E5240C6A-95CF-4357-9D65-D523A1C27CD7}.Debug|Any CPU.Build.0 = Debug|Any CPU
		{E5240C6A-95CF-4357-9D65-D523A1C27CD7}.Release|Any CPU.ActiveCfg = Release|Any CPU
		{E5240C6A-95CF-4357-9D65-D523A1C27CD7}.Release|Any CPU.Build.0 = Release|Any CPU
		{DAE723AB-2C49-4567-9A0A-EA80E8579AE1}.Debug|Any CPU.ActiveCfg = Debug|Any CPU
		{DAE723AB-2C49-4567-9A0A-EA80E8579AE1}.Debug|Any CPU.Build.0 = Debug|Any CPU
		{DAE723AB-2C49-4567-9A0A-EA80E8579AE1}.Release|Any CPU.ActiveCfg = Release|Any CPU
		{DAE723AB-2C49-4567-9A0A-EA80E8579AE1}.Release|Any CPU.Build.0 = Release|Any CPU
		{C5199885-547A-4671-8EDB-BD1DFED78BB2}.Debug|Any CPU.ActiveCfg = Debug|Any CPU
		{C5199885-547A-4671-8EDB-BD1DFED78BB2}.Debug|Any CPU.Build.0 = Debug|Any CPU
		{C5199885-547A-4671-8EDB-BD1DFED78BB2}.Release|Any CPU.ActiveCfg = Release|Any CPU
		{C5199885-547A-4671-8EDB-BD1DFED78BB2}.Release|Any CPU.Build.0 = Release|Any CPU
		{8C604306-F442-4C75-80D4-5EE048542904}.Debug|Any CPU.ActiveCfg = Debug|Any CPU
		{8C604306-F442-4C75-80D4-5EE048542904}.Debug|Any CPU.Build.0 = Debug|Any CPU
		{8C604306-F442-4C75-80D4-5EE048542904}.Release|Any CPU.ActiveCfg = Release|Any CPU
		{8C604306-F442-4C75-80D4-5EE048542904}.Release|Any CPU.Build.0 = Release|Any CPU
		{023BDBFE-550F-4216-98CB-DA1312EA0A52}.Debug|Any CPU.ActiveCfg = Debug|Any CPU
		{023BDBFE-550F-4216-98CB-DA1312EA0A52}.Debug|Any CPU.Build.0 = Debug|Any CPU
		{023BDBFE-550F-4216-98CB-DA1312EA0A52}.Release|Any CPU.ActiveCfg = Release|Any CPU
		{023BDBFE-550F-4216-98CB-DA1312EA0A52}.Release|Any CPU.Build.0 = Release|Any CPU
		{7207D4E3-C582-4F1C-96B2-DAE8D6C0ADC6}.Debug|Any CPU.ActiveCfg = Debug|Any CPU
		{7207D4E3-C582-4F1C-96B2-DAE8D6C0ADC6}.Debug|Any CPU.Build.0 = Debug|Any CPU
		{7207D4E3-C582-4F1C-96B2-DAE8D6C0ADC6}.Release|Any CPU.ActiveCfg = Release|Any CPU
		{7207D4E3-C582-4F1C-96B2-DAE8D6C0ADC6}.Release|Any CPU.Build.0 = Release|Any CPU
		{3B12296C-FA92-4881-99BB-7917A18D83A6}.Debug|Any CPU.ActiveCfg = Debug|Any CPU
		{3B12296C-FA92-4881-99BB-7917A18D83A6}.Debug|Any CPU.Build.0 = Debug|Any CPU
		{3B12296C-FA92-4881-99BB-7917A18D83A6}.Release|Any CPU.ActiveCfg = Release|Any CPU
		{3B12296C-FA92-4881-99BB-7917A18D83A6}.Release|Any CPU.Build.0 = Release|Any CPU
		{28547A08-259F-4270-990F-1A04998D6677}.Debug|Any CPU.ActiveCfg = Debug|Any CPU
		{28547A08-259F-4270-990F-1A04998D6677}.Debug|Any CPU.Build.0 = Debug|Any CPU
		{28547A08-259F-4270-990F-1A04998D6677}.Release|Any CPU.ActiveCfg = Release|Any CPU
		{28547A08-259F-4270-990F-1A04998D6677}.Release|Any CPU.Build.0 = Release|Any CPU
		{C5DC47C7-F874-4078-A6C2-1151B4B6AC7E}.Debug|Any CPU.ActiveCfg = Debug|Any CPU
		{C5DC47C7-F874-4078-A6C2-1151B4B6AC7E}.Debug|Any CPU.Build.0 = Debug|Any CPU
		{C5DC47C7-F874-4078-A6C2-1151B4B6AC7E}.Release|Any CPU.ActiveCfg = Release|Any CPU
		{C5DC47C7-F874-4078-A6C2-1151B4B6AC7E}.Release|Any CPU.Build.0 = Release|Any CPU
		{FC1EAF90-DAC2-454A-A207-6B93A8E9A1DB}.Debug|Any CPU.ActiveCfg = Debug|Any CPU
		{FC1EAF90-DAC2-454A-A207-6B93A8E9A1DB}.Debug|Any CPU.Build.0 = Debug|Any CPU
		{FC1EAF90-DAC2-454A-A207-6B93A8E9A1DB}.Release|Any CPU.ActiveCfg = Release|Any CPU
		{FC1EAF90-DAC2-454A-A207-6B93A8E9A1DB}.Release|Any CPU.Build.0 = Release|Any CPU
		{A5AFDC40-19C6-4EF9-8B6A-01EA26AE9F80}.Debug|Any CPU.ActiveCfg = Debug|Any CPU
		{A5AFDC40-19C6-4EF9-8B6A-01EA26AE9F80}.Debug|Any CPU.Build.0 = Debug|Any CPU
		{A5AFDC40-19C6-4EF9-8B6A-01EA26AE9F80}.Release|Any CPU.ActiveCfg = Release|Any CPU
		{A5AFDC40-19C6-4EF9-8B6A-01EA26AE9F80}.Release|Any CPU.Build.0 = Release|Any CPU
		{01A88625-7428-4C93-831B-E2BF1D7109C6}.Debug|Any CPU.ActiveCfg = Debug|Any CPU
		{01A88625-7428-4C93-831B-E2BF1D7109C6}.Debug|Any CPU.Build.0 = Debug|Any CPU
		{01A88625-7428-4C93-831B-E2BF1D7109C6}.Release|Any CPU.ActiveCfg = Release|Any CPU
		{01A88625-7428-4C93-831B-E2BF1D7109C6}.Release|Any CPU.Build.0 = Release|Any CPU
		{E4B736ED-258D-4E6B-90B6-CF89353ED282}.Debug|Any CPU.ActiveCfg = Debug|Any CPU
		{E4B736ED-258D-4E6B-90B6-CF89353ED282}.Debug|Any CPU.Build.0 = Debug|Any CPU
		{E4B736ED-258D-4E6B-90B6-CF89353ED282}.Release|Any CPU.ActiveCfg = Release|Any CPU
		{E4B736ED-258D-4E6B-90B6-CF89353ED282}.Release|Any CPU.Build.0 = Release|Any CPU
		{AC208703-9579-42D6-AB6A-A7288306987C}.Debug|Any CPU.ActiveCfg = Debug|Any CPU
		{AC208703-9579-42D6-AB6A-A7288306987C}.Debug|Any CPU.Build.0 = Debug|Any CPU
		{AC208703-9579-42D6-AB6A-A7288306987C}.Release|Any CPU.ActiveCfg = Release|Any CPU
		{AC208703-9579-42D6-AB6A-A7288306987C}.Release|Any CPU.Build.0 = Release|Any CPU
		{FE498926-5E65-4001-8E12-9D9956A475F3}.Debug|Any CPU.ActiveCfg = Debug|Any CPU
		{FE498926-5E65-4001-8E12-9D9956A475F3}.Debug|Any CPU.Build.0 = Debug|Any CPU
		{FE498926-5E65-4001-8E12-9D9956A475F3}.Release|Any CPU.ActiveCfg = Release|Any CPU
		{FE498926-5E65-4001-8E12-9D9956A475F3}.Release|Any CPU.Build.0 = Release|Any CPU
		{329EB0A2-ED85-4998-B683-F666A125508C}.Debug|Any CPU.ActiveCfg = Debug|Any CPU
		{329EB0A2-ED85-4998-B683-F666A125508C}.Debug|Any CPU.Build.0 = Debug|Any CPU
		{329EB0A2-ED85-4998-B683-F666A125508C}.Release|Any CPU.ActiveCfg = Release|Any CPU
		{329EB0A2-ED85-4998-B683-F666A125508C}.Release|Any CPU.Build.0 = Release|Any CPU
		{DEA803BF-2300-49D7-950C-A42289F48A59}.Debug|Any CPU.ActiveCfg = Debug|Any CPU
		{DEA803BF-2300-49D7-950C-A42289F48A59}.Debug|Any CPU.Build.0 = Debug|Any CPU
		{DEA803BF-2300-49D7-950C-A42289F48A59}.Release|Any CPU.ActiveCfg = Release|Any CPU
		{DEA803BF-2300-49D7-950C-A42289F48A59}.Release|Any CPU.Build.0 = Release|Any CPU
		{3B974E5D-AB81-4A1C-ABA1-020E80D8F227}.Debug|Any CPU.ActiveCfg = Debug|Any CPU
		{3B974E5D-AB81-4A1C-ABA1-020E80D8F227}.Debug|Any CPU.Build.0 = Debug|Any CPU
		{3B974E5D-AB81-4A1C-ABA1-020E80D8F227}.Release|Any CPU.ActiveCfg = Release|Any CPU
		{3B974E5D-AB81-4A1C-ABA1-020E80D8F227}.Release|Any CPU.Build.0 = Release|Any CPU
		{618463E5-9E74-4FE7-AE80-A63580B91BD1}.Debug|Any CPU.ActiveCfg = Debug|Any CPU
		{618463E5-9E74-4FE7-AE80-A63580B91BD1}.Debug|Any CPU.Build.0 = Debug|Any CPU
		{618463E5-9E74-4FE7-AE80-A63580B91BD1}.Release|Any CPU.ActiveCfg = Release|Any CPU
		{618463E5-9E74-4FE7-AE80-A63580B91BD1}.Release|Any CPU.Build.0 = Release|Any CPU
		{78E5F99C-EC93-41D4-AE4A-A55247F55426}.Debug|Any CPU.ActiveCfg = Debug|Any CPU
		{78E5F99C-EC93-41D4-AE4A-A55247F55426}.Debug|Any CPU.Build.0 = Debug|Any CPU
		{78E5F99C-EC93-41D4-AE4A-A55247F55426}.Release|Any CPU.ActiveCfg = Release|Any CPU
		{78E5F99C-EC93-41D4-AE4A-A55247F55426}.Release|Any CPU.Build.0 = Release|Any CPU
		{1E5A4A21-8825-49E9-B90A-6E59B40517F3}.Debug|Any CPU.ActiveCfg = Debug|Any CPU
		{1E5A4A21-8825-49E9-B90A-6E59B40517F3}.Debug|Any CPU.Build.0 = Debug|Any CPU
		{1E5A4A21-8825-49E9-B90A-6E59B40517F3}.Release|Any CPU.ActiveCfg = Release|Any CPU
		{1E5A4A21-8825-49E9-B90A-6E59B40517F3}.Release|Any CPU.Build.0 = Release|Any CPU
		{8452B61A-057D-4CCA-9448-4384431A3C9F}.Debug|Any CPU.ActiveCfg = Debug|Any CPU
		{8452B61A-057D-4CCA-9448-4384431A3C9F}.Debug|Any CPU.Build.0 = Debug|Any CPU
		{8452B61A-057D-4CCA-9448-4384431A3C9F}.Release|Any CPU.ActiveCfg = Release|Any CPU
		{8452B61A-057D-4CCA-9448-4384431A3C9F}.Release|Any CPU.Build.0 = Release|Any CPU
		{EE146DCE-D019-4E19-8E1A-C094DF6250D5}.Debug|Any CPU.ActiveCfg = Debug|Any CPU
		{EE146DCE-D019-4E19-8E1A-C094DF6250D5}.Debug|Any CPU.Build.0 = Debug|Any CPU
		{EE146DCE-D019-4E19-8E1A-C094DF6250D5}.Release|Any CPU.ActiveCfg = Release|Any CPU
		{EE146DCE-D019-4E19-8E1A-C094DF6250D5}.Release|Any CPU.Build.0 = Release|Any CPU
		{602490B5-0F50-44E3-92E7-07290C065238}.Debug|Any CPU.ActiveCfg = Debug|Any CPU
		{602490B5-0F50-44E3-92E7-07290C065238}.Debug|Any CPU.Build.0 = Debug|Any CPU
		{602490B5-0F50-44E3-92E7-07290C065238}.Release|Any CPU.ActiveCfg = Release|Any CPU
		{602490B5-0F50-44E3-92E7-07290C065238}.Release|Any CPU.Build.0 = Release|Any CPU
	EndGlobalSection
	GlobalSection(SolutionProperties) = preSolution
		HideSolutionNode = FALSE
	EndGlobalSection
	GlobalSection(NestedProjects) = preSolution
		{33CA67B5-76E9-49AD-93EC-CB4E11697262} = {FC0F1527-171A-4512-BA03-13BF9FEAC168}
		{AD025E1D-6DFA-4282-BA44-BA360721F931} = {FC0F1527-171A-4512-BA03-13BF9FEAC168}
		{78D41679-CE82-4269-86CA-1044766B42AF} = {FC0F1527-171A-4512-BA03-13BF9FEAC168}
		{B8A4F3B4-7A63-4F1B-ABA0-EFBAE9CEDA01} = {84B725B8-ADE3-4BB4-A60A-D56EB2838FA2}
		{F41A1BF2-12C8-41F9-B020-9DB0DC26BA01} = {84B725B8-ADE3-4BB4-A60A-D56EB2838FA2}
		{04F33CF3-9D56-43DB-BDDA-F5AAAF8E8472} = {84B725B8-ADE3-4BB4-A60A-D56EB2838FA2}
		{7A2F7B8D-407B-436A-97FB-026876E8ABFD} = {0B096218-3A74-4B3C-836A-5A01353B89E1}
		{5FDA302C-B727-4A4C-8109-2ED106502418} = {0B096218-3A74-4B3C-836A-5A01353B89E1}
		{2E94045C-721D-4ACE-8C9F-E475ECEF22D5} = {0B096218-3A74-4B3C-836A-5A01353B89E1}
		{0EA1FF64-98AE-4475-9510-D26F25B3CF4D} = {3DA251B1-33FE-4AFD-A70C-0DD11A740EBA}
		{08CB956D-C340-4838-AC0D-971806B2D99E} = {3DA251B1-33FE-4AFD-A70C-0DD11A740EBA}
		{40CF614D-805D-4DB6-8F7D-9813E0B65DE1} = {3DA251B1-33FE-4AFD-A70C-0DD11A740EBA}
		{E5240C6A-95CF-4357-9D65-D523A1C27CD7} = {F20A27F0-E3B2-4A48-9304-8D4CB02D8E86}
		{DAE723AB-2C49-4567-9A0A-EA80E8579AE1} = {F20A27F0-E3B2-4A48-9304-8D4CB02D8E86}
		{C5199885-547A-4671-8EDB-BD1DFED78BB2} = {F20A27F0-E3B2-4A48-9304-8D4CB02D8E86}
		{8C604306-F442-4C75-80D4-5EE048542904} = {F20A27F0-E3B2-4A48-9304-8D4CB02D8E86}
		{023BDBFE-550F-4216-98CB-DA1312EA0A52} = {F6197C62-8B80-4DD9-9893-738414DE8415}
		{7207D4E3-C582-4F1C-96B2-DAE8D6C0ADC6} = {F6197C62-8B80-4DD9-9893-738414DE8415}
		{3B12296C-FA92-4881-99BB-7917A18D83A6} = {F6197C62-8B80-4DD9-9893-738414DE8415}
		{28547A08-259F-4270-990F-1A04998D6677} = {F6197C62-8B80-4DD9-9893-738414DE8415}
		{C5DC47C7-F874-4078-A6C2-1151B4B6AC7E} = {F6197C62-8B80-4DD9-9893-738414DE8415}
		{FC1EAF90-DAC2-454A-A207-6B93A8E9A1DB} = {D092E6DE-1322-45FB-8753-D7F84C908798}
		{A5AFDC40-19C6-4EF9-8B6A-01EA26AE9F80} = {D092E6DE-1322-45FB-8753-D7F84C908798}
		{01A88625-7428-4C93-831B-E2BF1D7109C6} = {D092E6DE-1322-45FB-8753-D7F84C908798}
		{E4B736ED-258D-4E6B-90B6-CF89353ED282} = {D092E6DE-1322-45FB-8753-D7F84C908798}
		{AC208703-9579-42D6-AB6A-A7288306987C} = {D092E6DE-1322-45FB-8753-D7F84C908798}
		{FE498926-5E65-4001-8E12-9D9956A475F3} = {B260D64B-8C03-41DC-A93E-E95F97F5BEE2}
		{329EB0A2-ED85-4998-B683-F666A125508C} = {B260D64B-8C03-41DC-A93E-E95F97F5BEE2}
		{DEA803BF-2300-49D7-950C-A42289F48A59} = {B260D64B-8C03-41DC-A93E-E95F97F5BEE2}
		{3B974E5D-AB81-4A1C-ABA1-020E80D8F227} = {CAF5B73B-3E4E-42AE-9E0F-FF3084EE1BED}
		{618463E5-9E74-4FE7-AE80-A63580B91BD1} = {6E781167-D9D3-4273-B953-17808F3E8EE4}
		{78E5F99C-EC93-41D4-AE4A-A55247F55426} = {6E781167-D9D3-4273-B953-17808F3E8EE4}
		{1E5A4A21-8825-49E9-B90A-6E59B40517F3} = {6E781167-D9D3-4273-B953-17808F3E8EE4}
		{8452B61A-057D-4CCA-9448-4384431A3C9F} = {6E781167-D9D3-4273-B953-17808F3E8EE4}
		{EE146DCE-D019-4E19-8E1A-C094DF6250D5} = {C8E39B48-C103-4794-9727-602F9044A8CE}
		{602490B5-0F50-44E3-92E7-07290C065238} = {C8E39B48-C103-4794-9727-602F9044A8CE}
	EndGlobalSection
EndGlobal
