
Microsoft Visual Studio Solution File, Format Version 12.00
# Visual Studio 14
VisualStudioVersion = 14.0.25420.1
MinimumVisualStudioVersion = 10.0.40219.1
Project("{FAE04EC0-301F-11D3-BF4B-00C04F79EFBC}") = "WebApiTest", "WebApiTest\WebApiTest.csproj", "{FB81F763-E700-4B90-BA2D-81E07E581BCC}"
EndProject
Global
	GlobalSection(SolutionConfigurationPlatforms) = preSolution
		Debug|Any CPU = Debug|Any CPU
		Release|Any CPU = Release|Any CPU
	EndGlobalSection
	GlobalSection(ProjectConfigurationPlatforms) = postSolution
		{FB81F763-E700-4B90-BA2D-81E07E581BCC}.Debug|Any CPU.ActiveCfg = Debug|Any CPU
		{FB81F763-E700-4B90-BA2D-81E07E581BCC}.Debug|Any CPU.Build.0 = Debug|Any CPU
		{FB81F763-E700-4B90-BA2D-81E07E581BCC}.Release|Any CPU.ActiveCfg = Release|Any CPU
		{FB81F763-E700-4B90-BA2D-81E07E581BCC}.Release|Any CPU.Build.0 = Release|Any CPU
	EndGlobalSection
	GlobalSection(SolutionProperties) = preSolution
		HideSolutionNode = FALSE
	EndGlobalSection
EndGlobal
